{
  "name": "Duolingo Clone",
  "lockfileVersion": 3,
  "requires": true,
  "packages": {
    "": {
      "dependencies": {
        "aliases": "^2.0.0"
      }
    },
    "node_modules/aliases": {
      "version": "2.0.0",
      "resolved": "https://registry.npmjs.org/aliases/-/aliases-2.0.0.tgz",
      "integrity": "sha512-1sWo74Fgu96XtVRLehp8axxWEhmSCVjnUWFHSXtNX8t8gQAS4MRKkFevYltlxoQilVYUNlua7mQhabQgJsKnPQ==",
      "license": "MIT",
      "dependencies": {
        "parse-help": "^2.0.0"
      },
      "engines": {
        "node": ">=12"
      },
      "funding": {
        "url": "https://github.com/sponsors/sindresorhus"
      }
    },
    "node_modules/clone-regexp": {
      "version": "3.0.0",
      "resolved": "https://registry.npmjs.org/clone-regexp/-/clone-regexp-3.0.0.tgz",
      "integrity": "sha512-ujdnoq2Kxb8s3ItNBtnYeXdm07FcU0u8ARAT1lQ2YdMwQC+cdiXX8KoqMVuglztILivceTtp4ivqGSmEmhBUJw==",
      "license": "MIT",
      "dependencies": {
        "is-regexp": "^3.0.0"
      },
      "engines": {
        "node": ">=12"
      },
      "funding": {
        "url": "https://github.com/sponsors/sindresorhus"
      }
    },
    "node_modules/execall": {
      "version": "3.0.0",
      "resolved": "https://registry.npmjs.org/execall/-/execall-3.0.0.tgz",
      "integrity": "sha512-FaJeg2uWc8ADWnAnoDbxhAAr4U/j86ujlojnEpnBHQ4FM2viZKNjjyO2O6AKG6+9usZAnqsI4+1+w6vzx0x4uw==",
      "license": "MIT",
      "dependencies": {
        "clone-regexp": "^3.0.0"
      },
      "engines": {
        "node": ">=12"
      },
      "funding": {
        "url": "https://github.com/sponsors/sindresorhus"
      }
    },
    "node_modules/is-regexp": {
      "version": "3.1.0",
      "resolved": "https://registry.npmjs.org/is-regexp/-/is-regexp-3.1.0.tgz",
      "integrity": "sha512-rbku49cWloU5bSMI+zaRaXdQHXnthP6DZ/vLnfdSKyL4zUzuWnomtOEiZZOd+ioQ+avFo/qau3KPTc7Fjy1uPA==",
      "license": "MIT",
      "engines": {
        "node": ">=12"
      },
      "funding": {
        "url": "https://github.com/sponsors/sindresorhus"
      }
    },
    "node_modules/parse-help": {
      "version": "2.0.0",
      "resolved": "https://registry.npmjs.org/parse-help/-/parse-help-2.0.0.tgz",
      "integrity": "sha512-bb93UtyO4Pd9apV2ZQ2i///wIiW6eR1ZC+CraKHKMJX8dTayipqxwlOBmzjaoYQzfd3vzE00U9vND9K34LBgDQ==",
      "license": "MIT",
      "dependencies": {
        "execall": "^3.0.0"
      },
      "engines": {
        "node": ">=12"
      },
      "funding": {
        "url": "https://github.com/sponsors/sindresorhus"
      }
    }
  }
}
